
Microsoft Visual Studio Solution File, Format Version 12.00
# Visual Studio Version 16
VisualStudioVersion = 16.0.30413.136
MinimumVisualStudioVersion = 10.0.40219.1
Project("{8BC9CEB8-8B4A-11D0-8D11-00A0C91BC942}") = "VTNJL", "VTNJL\VTNJL.vcxproj", "{B8FD8E85-5EE9-428D-A779-845F5BEB751C}"
EndProject
Project("{8BC9CEB8-8B4A-11D0-8D11-00A0C91BC942}") = "Project1", "Project1\Project1.vcxproj", "{1F47590C-6F1F-40F9-96BC-3FD696085FB0}"
EndProject
Global
	GlobalSection(SolutionConfigurationPlatforms) = preSolution
		Debug|x64 = Debug|x64
		Debug|x86 = Debug|x86
		Release|x64 = Release|x64
		Release|x86 = Release|x86
	EndGlobalSection
	GlobalSection(ProjectConfigurationPlatforms) = postSolution
		{B8FD8E85-5EE9-428D-A779-845F5BEB751C}.Debug|x64.ActiveCfg = Debug|x64
		{B8FD8E85-5EE9-428D-A779-845F5BEB751C}.Debug|x64.Build.0 = Debug|x64
		{B8FD8E85-5EE9-428D-A779-845F5BEB751C}.Debug|x86.ActiveCfg = Debug|Win32
		{B8FD8E85-5EE9-428D-A779-845F5BEB751C}.Debug|x86.Build.0 = Debug|Win32
		{B8FD8E85-5EE9-428D-A779-845F5BEB751C}.Release|x64.ActiveCfg = Release|x64
		{B8FD8E85-5EE9-428D-A779-845F5BEB751C}.Release|x64.Build.0 = Release|x64
		{B8FD8E85-5EE9-428D-A779-845F5BEB751C}.Release|x86.ActiveCfg = Release|Win32
		{B8FD8E85-5EE9-428D-A779-845F5BEB751C}.Release|x86.Build.0 = Release|Win32
		{1F47590C-6F1F-40F9-96BC-3FD696085FB0}.Debug|x64.ActiveCfg = Debug|x64
		{1F47590C-6F1F-40F9-96BC-3FD696085FB0}.Debug|x64.Build.0 = Debug|x64
		{1F47590C-6F1F-40F9-96BC-3FD696085FB0}.Debug|x86.ActiveCfg = Debug|Win32
		{1F47590C-6F1F-40F9-96BC-3FD696085FB0}.Debug|x86.Build.0 = Debug|Win32
		{1F47590C-6F1F-40F9-96BC-3FD696085FB0}.Release|x64.ActiveCfg = Release|x64
		{1F47590C-6F1F-40F9-96BC-3FD696085FB0}.Release|x64.Build.0 = Release|x64
		{1F47590C-6F1F-40F9-96BC-3FD696085FB0}.Release|x86.ActiveCfg = Release|Win32
		{1F47590C-6F1F-40F9-96BC-3FD696085FB0}.Release|x86.Build.0 = Release|Win32
	EndGlobalSection
	GlobalSection(SolutionProperties) = preSolution
		HideSolutionNode = FALSE
	EndGlobalSection
	GlobalSection(ExtensibilityGlobals) = postSolution
		SolutionGuid = {7F47E972-87B8-4673-98AF-7D4F3059FE1F}
	EndGlobalSection
EndGlobal
